{
  "dependencies": {
    "WNdb": {
      "version": "3.1.1",
      "dependencies": {
        "tar": {
          "version": "0.1.20",
          "dependencies": {
            "block-stream": {
              "version": "0.0.7"
            },
            "fstream": {
              "version": "0.1.29",
              "dependencies": {
                "graceful-fs": {
                  "version": "3.0.2"
                },
                "mkdirp": {
                  "version": "0.3.5"
                },
                "rimraf": {
                  "version": "2.2.8"
                }
              }
            },
            "inherits": {
              "version": "2.0.1"
            }
          }
        }
      }
    },
    "natural": {
      "version": "0.1.28",
      "dependencies": {
        "sylvester": {
          "version": "0.0.21"
        },
        "apparatus": {
          "version": "0.0.8"
        },
        "underscore": {
          "version": "1.6.0"
        }
      }
    }
  }
}